
Microsoft Visual Studio Solution File, Format Version 12.00
# Visual Studio Version 16
VisualStudioVersion = 16.0.32901.82
MinimumVisualStudioVersion = 10.0.40219.1
Project("{9A19103F-16F7-4668-BE54-9A1E7A4F7556}") = "CarBookingApp", "CarBookingApp\CarBookingApp.csproj", "{EB1BBD70-E5B1-4D37-81AA-2882A9FE3FE8}"
EndProject
Project("{9A19103F-16F7-4668-BE54-9A1E7A4F7556}") = "CarBookingAppData", "CareBookingAppData\CarBookingAppData.csproj", "{4C849B0C-FDB0-4C44-8255-F3429C56F295}"
EndProject
Project("{FAE04EC0-301F-11D3-BF4B-00C04F79EFBC}") = "CarBookingAppRepositories", "CarBookingApp.Repositories\CarBookingAppRepositories.csproj", "{699B5026-9491-4B53-A0B4-10107D28FFEB}"
EndProject
Global
	GlobalSection(SolutionConfigurationPlatforms) = preSolution
		Debug|Any CPU = Debug|Any CPU
		Release|Any CPU = Release|Any CPU
	EndGlobalSection
	GlobalSection(ProjectConfigurationPlatforms) = postSolution
		{EB1BBD70-E5B1-4D37-81AA-2882A9FE3FE8}.Debug|Any CPU.ActiveCfg = Debug|Any CPU
		{EB1BBD70-E5B1-4D37-81AA-2882A9FE3FE8}.Debug|Any CPU.Build.0 = Debug|Any CPU
		{EB1BBD70-E5B1-4D37-81AA-2882A9FE3FE8}.Release|Any CPU.ActiveCfg = Release|Any CPU
		{EB1BBD70-E5B1-4D37-81AA-2882A9FE3FE8}.Release|Any CPU.Build.0 = Release|Any CPU
		{4C849B0C-FDB0-4C44-8255-F3429C56F295}.Debug|Any CPU.ActiveCfg = Debug|Any CPU
		{4C849B0C-FDB0-4C44-8255-F3429C56F295}.Debug|Any CPU.Build.0 = Debug|Any CPU
		{4C849B0C-FDB0-4C44-8255-F3429C56F295}.Release|Any CPU.ActiveCfg = Release|Any CPU
		{4C849B0C-FDB0-4C44-8255-F3429C56F295}.Release|Any CPU.Build.0 = Release|Any CPU
		{699B5026-9491-4B53-A0B4-10107D28FFEB}.Debug|Any CPU.ActiveCfg = Debug|Any CPU
		{699B5026-9491-4B53-A0B4-10107D28FFEB}.Debug|Any CPU.Build.0 = Debug|Any CPU
		{699B5026-9491-4B53-A0B4-10107D28FFEB}.Release|Any CPU.ActiveCfg = Release|Any CPU
		{699B5026-9491-4B53-A0B4-10107D28FFEB}.Release|Any CPU.Build.0 = Release|Any CPU
	EndGlobalSection
	GlobalSection(SolutionProperties) = preSolution
		HideSolutionNode = FALSE
	EndGlobalSection
	GlobalSection(ExtensibilityGlobals) = postSolution
		SolutionGuid = {AD8E348E-D771-4EC5-B980-B3642852618F}
	EndGlobalSection
EndGlobal
